
Microsoft Visual Studio Solution File, Format Version 12.00
# Visual Studio Version 17
VisualStudioVersion = 17.4.33213.308
MinimumVisualStudioVersion = 10.0.40219.1
Project("{FAE04EC0-301F-11D3-BF4B-00C04F79EFBC}") = "MyFirstProgram", "MyFirstProgram.csproj", "{8468E7B9-199C-4989-A79E-81F82E524998}"
EndProject
Global
	GlobalSection(SolutionConfigurationPlatforms) = preSolution
		Debug|Any CPU = Debug|Any CPU
		Release|Any CPU = Release|Any CPU
	EndGlobalSection
	GlobalSection(ProjectConfigurationPlatforms) = postSolution
		{8468E7B9-199C-4989-A79E-81F82E524998}.Debug|Any CPU.ActiveCfg = Debug|Any CPU
		{8468E7B9-199C-4989-A79E-81F82E524998}.Debug|Any CPU.Build.0 = Debug|Any CPU
		{8468E7B9-199C-4989-A79E-81F82E524998}.Release|Any CPU.ActiveCfg = Release|Any CPU
		{8468E7B9-199C-4989-A79E-81F82E524998}.Release|Any CPU.Build.0 = Release|Any CPU
	EndGlobalSection
	GlobalSection(SolutionProperties) = preSolution
		HideSolutionNode = FALSE
	EndGlobalSection
	GlobalSection(ExtensibilityGlobals) = postSolution
		SolutionGuid = {BB496742-9372-4232-A984-E120A74A27AB}
	EndGlobalSection
EndGlobal
